// !$*UTF8*$!
{
	archiveVersion = 1;
	classes = {
	};
	objectVersion = 48;
	objects = {

/* Begin PBXBuildFile section */
		3713E8181FAAF1A700FBB815 /* AppDelegate.swift in Sources */ = {isa = PBXBuildFile; fileRef = 3713E8171FAAF1A700FBB815 /* AppDelegate.swift */; };
		3713E81A1FAAF1A700FBB815 /* ViewController.swift in Sources */ = {isa = PBXBuildFile; fileRef = 3713E8191FAAF1A700FBB815 /* ViewController.swift */; };
		3713E81D1FAAF1A700FBB815 /* Main.storyboard in Resources */ = {isa = PBXBuildFile; fileRef = 3713E81B1FAAF1A700FBB815 /* Main.storyboard */; };
		3713E81F1FAAF1A700FBB815 /* Assets.xcassets in Resources */ = {isa = PBXBuildFile; fileRef = 3713E81E1FAAF1A700FBB815 /* Assets.xcassets */; };
		3713E8221FAAF1A700FBB815 /* LaunchScreen.storyboard in Resources */ = {isa = PBXBuildFile; fileRef = 3713E8201FAAF1A700FBB815 /* LaunchScreen.storyboard */; };
		3713E82D1FAAF1A700FBB815 /* Cold_Call_v2Tests.swift in Sources */ = {isa = PBXBuildFile; fileRef = 3713E82C1FAAF1A700FBB815 /* Cold_Call_v2Tests.swift */; };
		3713E8381FAAF1A700FBB815 /* Cold_Call_v2UITests.swift in Sources */ = {isa = PBXBuildFile; fileRef = 3713E8371FAAF1A700FBB815 /* Cold_Call_v2UITests.swift */; };
/* End PBXBuildFile section */

/* Begin PBXContainerItemProxy section */
		3713E8291FAAF1A700FBB815 /* PBXContainerItemProxy */ = {
			isa = PBXContainerItemProxy;
			containerPortal = 3713E80C1FAAF1A700FBB815 /* Project object */;
			proxyType = 1;
			remoteGlobalIDString = 3713E8131FAAF1A700FBB815;
			remoteInfo = "Cold Call v2";
		};
		3713E8341FAAF1A700FBB815 /* PBXContainerItemProxy */ = {
			isa = PBXContainerItemProxy;
			containerPortal = 3713E80C1FAAF1A700FBB815 /* Project object */;
			proxyType = 1;
			remoteGlobalIDString = 3713E8131FAAF1A700FBB815;
			remoteInfo = "Cold Call v2";
		};
/* End PBXContainerItemProxy section */

/* Begin PBXFileReference section */
		3713E8141FAAF1A700FBB815 /* Cold Call v2.app */ = {isa = PBXFileReference; explicitFileType = wrapper.application; includeInIndex = 0; path = "Cold Call v2.app"; sourceTree = BUILT_PRODUCTS_DIR; };
		3713E8171FAAF1A700FBB815 /* AppDelegate.swift */ = {isa = PBXFileReference; lastKnownFileType = sourcecode.swift; path = AppDelegate.swift; sourceTree = "<group>"; };
		3713E8191FAAF1A700FBB815 /* ViewController.swift */ = {isa = PBXFileReference; lastKnownFileType = sourcecode.swift; path = ViewController.swift; sourceTree = "<group>"; };
		3713E81C1FAAF1A700FBB815 /* Base */ = {isa = PBXFileReference; lastKnownFileType = file.storyboard; name = Base; path = Base.lproj/Main.storyboard; sourceTree = "<group>"; };
		3713E81E1FAAF1A700FBB815 /* Assets.xcassets */ = {isa = PBXFileReference; lastKnownFileType = folder.assetcatalog; path = Assets.xcassets; sourceTree = "<group>"; };
		3713E8211FAAF1A700FBB815 /* Base */ = {isa = PBXFileReference; lastKnownFileType = file.storyboard; name = Base; path = Base.lproj/LaunchScreen.storyboard; sourceTree = "<group>"; };
		3713E8231FAAF1A700FBB815 /* Info.plist */ = {isa = PBXFileReference; lastKnownFileType = text.plist.xml; path = Info.plist; sourceTree = "<group>"; };
		3713E8281FAAF1A700FBB815 /* Cold Call v2Tests.xctest */ = {isa = PBXFileReference; explicitFileType = wrapper.cfbundle; includeInIndex = 0; path = "Cold Call v2Tests.xctest"; sourceTree = BUILT_PRODUCTS_DIR; };
		3713E82C1FAAF1A700FBB815 /* Cold_Call_v2Tests.swift */ = {isa = PBXFileReference; lastKnownFileType = sourcecode.swift; path = Cold_Call_v2Tests.swift; sourceTree = "<group>"; };
		3713E82E1FAAF1A700FBB815 /* Info.plist */ = {isa = PBXFileReference; lastKnownFileType = text.plist.xml; path = Info.plist; sourceTree = "<group>"; };
		3713E8331FAAF1A700FBB815 /* Cold Call v2UITests.xctest */ = {isa = PBXFileReference; explicitFileType = wrapper.cfbundle; includeInIndex = 0; path = "Cold Call v2UITests.xctest"; sourceTree = BUILT_PRODUCTS_DIR; };
		3713E8371FAAF1A700FBB815 /* Cold_Call_v2UITests.swift */ = {isa = PBXFileReference; lastKnownFileType = sourcecode.swift; path = Cold_Call_v2UITests.swift; sourceTree = "<group>"; };
		3713E8391FAAF1A700FBB815 /* Info.plist */ = {isa = PBXFileReference; lastKnownFileType = text.plist.xml; path = Info.plist; sourceTree = "<group>"; };
/* End PBXFileReference section */

/* Begin PBXFrameworksBuildPhase section */
		3713E8111FAAF1A700FBB815 /* Frameworks */ = {
			isa = PBXFrameworksBuildPhase;
			buildActionMask = 2147483647;
			files = (
			);
			runOnlyForDeploymentPostprocessing = 0;
		};
		3713E8251FAAF1A700FBB815 /* Frameworks */ = {
			isa = PBXFrameworksBuildPhase;
			buildActionMask = 2147483647;
			files = (
			);
			runOnlyForDeploymentPostprocessing = 0;
		};
		3713E8301FAAF1A700FBB815 /* Frameworks */ = {
			isa = PBXFrameworksBuildPhase;
			buildActionMask = 2147483647;
			files = (
			);
			runOnlyForDeploymentPostprocessing = 0;
		};
/* End PBXFrameworksBuildPhase section */

/* Begin PBXGroup section */
		3713E80B1FAAF1A700FBB815 = {
			isa = PBXGroup;
			children = (
				3713E8161FAAF1A700FBB815 /* Cold Call v2 */,
				3713E82B1FAAF1A700FBB815 /* Cold Call v2Tests */,
				3713E8361FAAF1A700FBB815 /* Cold Call v2UITests */,
				3713E8151FAAF1A700FBB815 /* Products */,
			);
			sourceTree = "<group>";
		};
		3713E8151FAAF1A700FBB815 /* Products */ = {
			isa = PBXGroup;
			children = (
				3713E8141FAAF1A700FBB815 /* Cold Call v2.app */,
				3713E8281FAAF1A700FBB815 /* Cold Call v2Tests.xctest */,
				3713E8331FAAF1A700FBB815 /* Cold Call v2UITests.xctest */,
			);
			name = Products;
			sourceTree = "<group>";
		};
		3713E8161FAAF1A700FBB815 /* Cold Call v2 */ = {
			isa = PBXGroup;
			children = (
				3713E8171FAAF1A700FBB815 /* AppDelegate.swift */,
				3713E8191FAAF1A700FBB815 /* ViewController.swift */,
				3713E81B1FAAF1A700FBB815 /* Main.storyboard */,
				3713E81E1FAAF1A700FBB815 /* Assets.xcassets */,
				3713E8201FAAF1A700FBB815 /* LaunchScreen.storyboard */,
				3713E8231FAAF1A700FBB815 /* Info.plist */,
			);
			path = "Cold Call v2";
			sourceTree = "<group>";
		};
		3713E82B1FAAF1A700FBB815 /* Cold Call v2Tests */ = {
			isa = PBXGroup;
			children = (
				3713E82C1FAAF1A700FBB815 /* Cold_Call_v2Tests.swift */,
				3713E82E1FAAF1A700FBB815 /* Info.plist */,
			);
			path = "Cold Call v2Tests";
			sourceTree = "<group>";
		};
		3713E8361FAAF1A700FBB815 /* Cold Call v2UITests */ = {
			isa = PBXGroup;
			children = (
				3713E8371FAAF1A700FBB815 /* Cold_Call_v2UITests.swift */,
				3713E8391FAAF1A700FBB815 /* Info.plist */,
			);
			path = "Cold Call v2UITests";
			sourceTree = "<group>";
		};
/* End PBXGroup section */

/* Begin PBXNativeTarget section */
		3713E8131FAAF1A700FBB815 /* Cold Call v2 */ = {
			isa = PBXNativeTarget;
			buildConfigurationList = 3713E83C1FAAF1A700FBB815 /* Build configuration list for PBXNativeTarget "Cold Call v2" */;
			buildPhases = (
				3713E8101FAAF1A700FBB815 /* Sources */,
				3713E8111FAAF1A700FBB815 /* Frameworks */,
				3713E8121FAAF1A700FBB815 /* Resources */,
			);
			buildRules = (
			);
			dependencies = (
			);
			name = "Cold Call v2";
			productName = "Cold Call v2";
			productReference = 3713E8141FAAF1A700FBB815 /* Cold Call v2.app */;
			productType = "com.apple.product-type.application";
		};
		3713E8271FAAF1A700FBB815 /* Cold Call v2Tests */ = {
			isa = PBXNativeTarget;
			buildConfigurationList = 3713E83F1FAAF1A700FBB815 /* Build configuration list for PBXNativeTarget "Cold Call v2Tests" */;
			buildPhases = (
				3713E8241FAAF1A700FBB815 /* Sources */,
				3713E8251FAAF1A700FBB815 /* Frameworks */,
				3713E8261FAAF1A700FBB815 /* Resources */,
			);
			buildRules = (
			);
			dependencies = (
				3713E82A1FAAF1A700FBB815 /* PBXTargetDependency */,
			);
			name = "Cold Call v2Tests";
			productName = "Cold Call v2Tests";
			productReference = 3713E8281FAAF1A700FBB815 /* Cold Call v2Tests.xctest */;
			productType = "com.apple.product-type.bundle.unit-test";
		};
		3713E8321FAAF1A700FBB815 /* Cold Call v2UITests */ = {
			isa = PBXNativeTarget;
			buildConfigurationList = 3713E8421FAAF1A700FBB815 /* Build configuration list for PBXNativeTarget "Cold Call v2UITests" */;
			buildPhases = (
				3713E82F1FAAF1A700FBB815 /* Sources */,
				3713E8301FAAF1A700FBB815 /* Frameworks */,
				3713E8311FAAF1A700FBB815 /* Resources */,
			);
			buildRules = (
			);
			dependencies = (
				3713E8351FAAF1A700FBB815 /* PBXTargetDependency */,
			);
			name = "Cold Call v2UITests";
			productName = "Cold Call v2UITests";
			productReference = 3713E8331FAAF1A700FBB815 /* Cold Call v2UITests.xctest */;
			productType = "com.apple.product-type.bundle.ui-testing";
		};
/* End PBXNativeTarget section */

/* Begin PBXProject section */
		3713E80C1FAAF1A700FBB815 /* Project object */ = {
			isa = PBXProject;
			attributes = {
				LastSwiftUpdateCheck = 0910;
				LastUpgradeCheck = 0910;
				ORGANIZATIONNAME = "Kevin Pham";
				TargetAttributes = {
					3713E8131FAAF1A700FBB815 = {
						CreatedOnToolsVersion = 9.1;
						ProvisioningStyle = Automatic;
					};
					3713E8271FAAF1A700FBB815 = {
						CreatedOnToolsVersion = 9.1;
						ProvisioningStyle = Automatic;
						TestTargetID = 3713E8131FAAF1A700FBB815;
					};
					3713E8321FAAF1A700FBB815 = {
						CreatedOnToolsVersion = 9.1;
						ProvisioningStyle = Automatic;
						TestTargetID = 3713E8131FAAF1A700FBB815;
					};
				};
			};
			buildConfigurationList = 3713E80F1FAAF1A700FBB815 /* Build configuration list for PBXProject "Cold Call v2" */;
			compatibilityVersion = "Xcode 8.0";
			developmentRegion = en;
			hasScannedForEncodings = 0;
			knownRegions = (
				en,
				Base,
			);
			mainGroup = 3713E80B1FAAF1A700FBB815;
			productRefGroup = 3713E8151FAAF1A700FBB815 /* Products */;
			projectDirPath = "";
			projectRoot = "";
			targets = (
				3713E8131FAAF1A700FBB815 /* Cold Call v2 */,
				3713E8271FAAF1A700FBB815 /* Cold Call v2Tests */,
				3713E8321FAAF1A700FBB815 /* Cold Call v2UITests */,
			);
		};
/* End PBXProject section */

/* Begin PBXResourcesBuildPhase section */
		3713E8121FAAF1A700FBB815 /* Resources */ = {
			isa = PBXResourcesBuildPhase;
			buildActionMask = 2147483647;
			files = (
				3713E8221FAAF1A700FBB815 /* LaunchScreen.storyboard in Resources */,
				3713E81F1FAAF1A700FBB815 /* Assets.xcassets in Resources */,
				3713E81D1FAAF1A700FBB815 /* Main.storyboard in Resources */,
			);
			runOnlyForDeploymentPostprocessing = 0;
		};
		3713E8261FAAF1A700FBB815 /* Resources */ = {
			isa = PBXResourcesBuildPhase;
			buildActionMask = 2147483647;
			files = (
			);
			runOnlyForDeploymentPostprocessing = 0;
		};
		3713E8311FAAF1A700FBB815 /* Resources */ = {
			isa = PBXResourcesBuildPhase;
			buildActionMask = 2147483647;
			files = (
			);
			runOnlyForDeploymentPostprocessing = 0;
		};
/* End PBXResourcesBuildPhase section */

/* Begin PBXSourcesBuildPhase section */
		3713E8101FAAF1A700FBB815 /* Sources */ = {
			isa = PBXSourcesBuildPhase;
			buildActionMask = 2147483647;
			files = (
				3713E81A1FAAF1A700FBB815 /* ViewController.swift in Sources */,
				3713E8181FAAF1A700FBB815 /* AppDelegate.swift in Sources */,
			);
			runOnlyForDeploymentPostprocessing = 0;
		};
		3713E8241FAAF1A700FBB815 /* Sources */ = {
			isa = PBXSourcesBuildPhase;
			buildActionMask = 2147483647;
			files = (
				3713E82D1FAAF1A700FBB815 /* Cold_Call_v2Tests.swift in Sources */,
			);
			runOnlyForDeploymentPostprocessing = 0;
		};
		3713E82F1FAAF1A700FBB815 /* Sources */ = {
			isa = PBXSourcesBuildPhase;
			buildActionMask = 2147483647;
			files = (
				3713E8381FAAF1A700FBB815 /* Cold_Call_v2UITests.swift in Sources */,
			);
			runOnlyForDeploymentPostprocessing = 0;
		};
/* End PBXSourcesBuildPhase section */

/* Begin PBXTargetDependency section */
		3713E82A1FAAF1A700FBB815 /* PBXTargetDependency */ = {
			isa = PBXTargetDependency;
			target = 3713E8131FAAF1A700FBB815 /* Cold Call v2 */;
			targetProxy = 3713E8291FAAF1A700FBB815 /* PBXContainerItemProxy */;
		};
		3713E8351FAAF1A700FBB815 /* PBXTargetDependency */ = {
			isa = PBXTargetDependency;
			target = 3713E8131FAAF1A700FBB815 /* Cold Call v2 */;
			targetProxy = 3713E8341FAAF1A700FBB815 /* PBXContainerItemProxy */;
		};
/* End PBXTargetDependency section */

/* Begin PBXVariantGroup section */
		3713E81B1FAAF1A700FBB815 /* Main.storyboard */ = {
			isa = PBXVariantGroup;
			children = (
				3713E81C1FAAF1A700FBB815 /* Base */,
			);
			name = Main.storyboard;
			sourceTree = "<group>";
		};
		3713E8201FAAF1A700FBB815 /* LaunchScreen.storyboard */ = {
			isa = PBXVariantGroup;
			children = (
				3713E8211FAAF1A700FBB815 /* Base */,
			);
			name = LaunchScreen.storyboard;
			sourceTree = "<group>";
		};
/* End PBXVariantGroup section */

/* Begin XCBuildConfiguration section */
		3713E83A1FAAF1A700FBB815 /* Debug */ = {
			isa = XCBuildConfiguration;
			buildSettings = {
				ALWAYS_SEARCH_USER_PATHS = NO;
				CLANG_ANALYZER_NONNULL = YES;
				CLANG_ANALYZER_NUMBER_OBJECT_CONVERSION = YES_AGGRESSIVE;
				CLANG_CXX_LANGUAGE_STANDARD = "gnu++14";
				CLANG_CXX_LIBRARY = "libc++";
				CLANG_ENABLE_MODULES = YES;
				CLANG_ENABLE_OBJC_ARC = YES;
				CLANG_WARN_BLOCK_CAPTURE_AUTORELEASING = YES;
				CLANG_WARN_BOOL_CONVERSION = YES;
				CLANG_WARN_COMMA = YES;
				CLANG_WARN_CONSTANT_CONVERSION = YES;
				CLANG_WARN_DIRECT_OBJC_ISA_USAGE = YES_ERROR;
				CLANG_WARN_DOCUMENTATION_COMMENTS = YES;
				CLANG_WARN_EMPTY_BODY = YES;
				CLANG_WARN_ENUM_CONVERSION = YES;
				CLANG_WARN_INFINITE_RECURSION = YES;
				CLANG_WARN_INT_CONVERSION = YES;
				CLANG_WARN_NON_LITERAL_NULL_CONVERSION = YES;
				CLANG_WARN_OBJC_LITERAL_CONVERSION = YES;
				CLANG_WARN_OBJC_ROOT_CLASS = YES_ERROR;
				CLANG_WARN_RANGE_LOOP_ANALYSIS = YES;
				CLANG_WARN_STRICT_PROTOTYPES = YES;
				CLANG_WARN_SUSPICIOUS_MOVE = YES;
				CLANG_WARN_UNGUARDED_AVAILABILITY = YES_AGGRESSIVE;
				CLANG_WARN_UNREACHABLE_CODE = YES;
				CLANG_WARN__DUPLICATE_METHOD_MATCH = YES;
				CODE_SIGN_IDENTITY = "iPhone Developer";
				COPY_PHASE_STRIP = NO;
				DEBUG_INFORMATION_FORMAT = dwarf;
				ENABLE_STRICT_OBJC_MSGSEND = YES;
				ENABLE_TESTABILITY = YES;
				GCC_C_LANGUAGE_STANDARD = gnu11;
				GCC_DYNAMIC_NO_PIC = NO;
				GCC_NO_COMMON_BLOCKS = YES;
				GCC_OPTIMIZATION_LEVEL = 0;
				GCC_PREPROCESSOR_DEFINITIONS = (
					"DEBUG=1",
					"$(inherited)",
				);
				GCC_WARN_64_TO_32_BIT_CONVERSION = YES;
				GCC_WARN_ABOUT_RETURN_TYPE = YES_ERROR;
				GCC_WARN_UNDECLARED_SELECTOR = YES;
				GCC_WARN_UNINITIALIZED_AUTOS = YES_AGGRESSIVE;
				GCC_WARN_UNUSED_FUNCTION = YES;
				GCC_WARN_UNUSED_VARIABLE = YES;
				IPHONEOS_DEPLOYMENT_TARGET = 11.1;
				MTL_ENABLE_DEBUG_INFO = YES;
				ONLY_ACTIVE_ARCH = YES;
				SDKROOT = iphoneos;
				SWIFT_ACTIVE_COMPILATION_CONDITIONS = DEBUG;
				SWIFT_OPTIMIZATION_LEVEL = "-Onone";
			};
			name = Debug;
		};
		3713E83B1FAAF1A700FBB815 /* Release */ = {
			isa = XCBuildConfiguration;
			buildSettings = {
				ALWAYS_SEARCH_USER_PATHS = NO;
				CLANG_ANALYZER_NONNULL = YES;
				CLANG_ANALYZER_NUMBER_OBJECT_CONVERSION = YES_AGGRESSIVE;
				CLANG_CXX_LANGUAGE_STANDARD = "gnu++14";
				CLANG_CXX_LIBRARY = "libc++";
				CLANG_ENABLE_MODULES = YES;
				CLANG_ENABLE_OBJC_ARC = YES;
				CLANG_WARN_BLOCK_CAPTURE_AUTORELEASING = YES;
				CLANG_WARN_BOOL_CONVERSION = YES;
				CLANG_WARN_COMMA = YES;
				CLANG_WARN_CONSTANT_CONVERSION = YES;
				CLANG_WARN_DIRECT_OBJC_ISA_USAGE = YES_ERROR;
				CLANG_WARN_DOCUMENTATION_COMMENTS = YES;
				CLANG_WARN_EMPTY_BODY = YES;
				CLANG_WARN_ENUM_CONVERSION = YES;
				CLANG_WARN_INFINITE_RECURSION = YES;
				CLANG_WARN_INT_CONVERSION = YES;
				CLANG_WARN_NON_LITERAL_NULL_CONVERSION = YES;
				CLANG_WARN_OBJC_LITERAL_CONVERSION = YES;
				CLANG_WARN_OBJC_ROOT_CLASS = YES_ERROR;
				CLANG_WARN_RANGE_LOOP_ANALYSIS = YES;
				CLANG_WARN_STRICT_PROTOTYPES = YES;
				CLANG_WARN_SUSPICIOUS_MOVE = YES;
				CLANG_WARN_UNGUARDED_AVAILABILITY = YES_AGGRESSIVE;
				CLANG_WARN_UNREACHABLE_CODE = YES;
				CLANG_WARN__DUPLICATE_METHOD_MATCH = YES;
				CODE_SIGN_IDENTITY = "iPhone Developer";
				COPY_PHASE_STRIP = NO;
				DEBUG_INFORMATION_FORMAT = "dwarf-with-dsym";
				ENABLE_NS_ASSERTIONS = NO;
				ENABLE_STRICT_OBJC_MSGSEND = YES;
				GCC_C_LANGUAGE_STANDARD = gnu11;
				GCC_NO_COMMON_BLOCKS = YES;
				GCC_WARN_64_TO_32_BIT_CONVERSION = YES;
				GCC_WARN_ABOUT_RETURN_TYPE = YES_ERROR;
				GCC_WARN_UNDECLARED_SELECTOR = YES;
				GCC_WARN_UNINITIALIZED_AUTOS = YES_AGGRESSIVE;
				GCC_WARN_UNUSED_FUNCTION = YES;
				GCC_WARN_UNUSED_VARIABLE = YES;
				IPHONEOS_DEPLOYMENT_TARGET = 11.1;
				MTL_ENABLE_DEBUG_INFO = NO;
				SDKROOT = iphoneos;
				SWIFT_OPTIMIZATION_LEVEL = "-Owholemodule";
				VALIDATE_PRODUCT = YES;
			};
			name = Release;
		};
		3713E83D1FAAF1A700FBB815 /* Debug */ = {
			isa = XCBuildConfiguration;
			buildSettings = {
				ASSETCATALOG_COMPILER_APPICON_NAME = AppIcon;
				CODE_SIGN_STYLE = Automatic;
				INFOPLIST_FILE = "Cold Call v2/Info.plist";
				LD_RUNPATH_SEARCH_PATHS = "$(inherited) @executable_path/Frameworks";
				PRODUCT_BUNDLE_IDENTIFIER = "iOS.Cold-Call-v2";
				PRODUCT_NAME = "$(TARGET_NAME)";
				SWIFT_VERSION = 4.0;
				TARGETED_DEVICE_FAMILY = "1,2";
			};
			name = Debug;
		};
		3713E83E1FAAF1A700FBB815 /* Release */ = {
			isa = XCBuildConfiguration;
			buildSettings = {
				ASSETCATALOG_COMPILER_APPICON_NAME = AppIcon;
				CODE_SIGN_STYLE = Automatic;
				INFOPLIST_FILE = "Cold Call v2/Info.plist";
				LD_RUNPATH_SEARCH_PATHS = "$(inherited) @executable_path/Frameworks";
				PRODUCT_BUNDLE_IDENTIFIER = "iOS.Cold-Call-v2";
				PRODUCT_NAME = "$(TARGET_NAME)";
				SWIFT_VERSION = 4.0;
				TARGETED_DEVICE_FAMILY = "1,2";
			};
			name = Release;
		};
		3713E8401FAAF1A700FBB815 /* Debug */ = {
			isa = XCBuildConfiguration;
			buildSettings = {
				ALWAYS_EMBED_SWIFT_STANDARD_LIBRARIES = YES;
				BUNDLE_LOADER = "$(TEST_HOST)";
				CODE_SIGN_STYLE = Automatic;
				INFOPLIST_FILE = "Cold Call v2Tests/Info.plist";
				LD_RUNPATH_SEARCH_PATHS = "$(inherited) @executable_path/Frameworks @loader_path/Frameworks";
				PRODUCT_BUNDLE_IDENTIFIER = "iOS.Cold-Call-v2Tests";
				PRODUCT_NAME = "$(TARGET_NAME)";
				SWIFT_VERSION = 4.0;
				TARGETED_DEVICE_FAMILY = "1,2";
				TEST_HOST = "$(BUILT_PRODUCTS_DIR)/Cold Call v2.app/Cold Call v2";
			};
			name = Debug;
		};
		3713E8411FAAF1A700FBB815 /* Release */ = {
			isa = XCBuildConfiguration;
			buildSettings = {
				ALWAYS_EMBED_SWIFT_STANDARD_LIBRARIES = YES;
				BUNDLE_LOADER = "$(TEST_HOST)";
				CODE_SIGN_STYLE = Automatic;
				INFOPLIST_FILE = "Cold Call v2Tests/Info.plist";
				LD_RUNPATH_SEARCH_PATHS = "$(inherited) @executable_path/Frameworks @loader_path/Frameworks";
				PRODUCT_BUNDLE_IDENTIFIER = "iOS.Cold-Call-v2Tests";
				PRODUCT_NAME = "$(TARGET_NAME)";
				SWIFT_VERSION = 4.0;
				TARGETED_DEVICE_FAMILY = "1,2";
				TEST_HOST = "$(BUILT_PRODUCTS_DIR)/Cold Call v2.app/Cold Call v2";
			};
			name = Release;
		};
		3713E8431FAAF1A700FBB815 /* Debug */ = {
			isa = XCBuildConfiguration;
			buildSettings = {
				ALWAYS_EMBED_SWIFT_STANDARD_LIBRARIES = YES;
				CODE_SIGN_STYLE = Automatic;
				INFOPLIST_FILE = "Cold Call v2UITests/Info.plist";
				LD_RUNPATH_SEARCH_PATHS = "$(inherited) @executable_path/Frameworks @loader_path/Frameworks";
				PRODUCT_BUNDLE_IDENTIFIER = "iOS.Cold-Call-v2UITests";
				PRODUCT_NAME = "$(TARGET_NAME)";
				SWIFT_VERSION = 4.0;
				TARGETED_DEVICE_FAMILY = "1,2";
				TEST_TARGET_NAME = "Cold Call v2";
			};
			name = Debug;
		};
		3713E8441FAAF1A700FBB815 /* Release */ = {
			isa = XCBuildConfiguration;
			buildSettings = {
				ALWAYS_EMBED_SWIFT_STANDARD_LIBRARIES = YES;
				CODE_SIGN_STYLE = Automatic;
				INFOPLIST_FILE = "Cold Call v2UITests/Info.plist";
				LD_RUNPATH_SEARCH_PATHS = "$(inherited) @executable_path/Frameworks @loader_path/Frameworks";
				PRODUCT_BUNDLE_IDENTIFIER = "iOS.Cold-Call-v2UITests";
				PRODUCT_NAME = "$(TARGET_NAME)";
				SWIFT_VERSION = 4.0;
				TARGETED_DEVICE_FAMILY = "1,2";
				TEST_TARGET_NAME = "Cold Call v2";
			};
			name = Release;
		};
/* End XCBuildConfiguration section */

/* Begin XCConfigurationList section */
		3713E80F1FAAF1A700FBB815 /* Build configuration list for PBXProject "Cold Call v2" */ = {
			isa = XCConfigurationList;
			buildConfigurations = (
				3713E83A1FAAF1A700FBB815 /* Debug */,
				3713E83B1FAAF1A700FBB815 /* Release */,
			);
			defaultConfigurationIsVisible = 0;
			defaultConfigurationName = Release;
		};
		3713E83C1FAAF1A700FBB815 /* Build configuration list for PBXNativeTarget "Cold Call v2" */ = {
			isa = XCConfigurationList;
			buildConfigurations = (
				3713E83D1FAAF1A700FBB815 /* Debug */,
				3713E83E1FAAF1A700FBB815 /* Release */,
			);
			defaultConfigurationIsVisible = 0;
			defaultConfigurationName = Release;
		};
		3713E83F1FAAF1A700FBB815 /* Build configuration list for PBXNativeTarget "Cold Call v2Tests" */ = {
			isa = XCConfigurationList;
			buildConfigurations = (
				3713E8401FAAF1A700FBB815 /* Debug */,
				3713E8411FAAF1A700FBB815 /* Release */,
			);
			defaultConfigurationIsVisible = 0;
			defaultConfigurationName = Release;
		};
		3713E8421FAAF1A700FBB815 /* Build configuration list for PBXNativeTarget "Cold Call v2UITests" */ = {
			isa = XCConfigurationList;
			buildConfigurations = (
				3713E8431FAAF1A700FBB815 /* Debug */,
				3713E8441FAAF1A700FBB815 /* Release */,
			);
			defaultConfigurationIsVisible = 0;
			defaultConfigurationName = Release;
		};
/* End XCConfigurationList section */
	};
	rootObject = 3713E80C1FAAF1A700FBB815 /* Project object */;
}
